
Microsoft Visual Studio Solution File, Format Version 12.00
Project("{FAE04EC0-301F-11D3-BF4B-00C04F79EFBC}") = "boussole.core", "boussole.core\boussole.core.csproj", "{ABFAC716-90EE-4EAA-9868-B4C439E367FF}"
EndProject
Project("{FAE04EC0-301F-11D3-BF4B-00C04F79EFBC}") = "LSO", "LSO\LSO.csproj", "{02273C07-2DF8-492E-BD73-67FD3C4ED9FE}"
EndProject
Project("{FAE04EC0-301F-11D3-BF4B-00C04F79EFBC}") = "boussole.postgres", "boussole.postgres\boussole.postgres.csproj", "{7114FFA6-BBC4-4949-8974-648CFD7B1D83}"
EndProject
Global
	GlobalSection(SolutionConfigurationPlatforms) = preSolution
		Debug|Any CPU = Debug|Any CPU
		Release|Any CPU = Release|Any CPU
	EndGlobalSection
	GlobalSection(ProjectConfigurationPlatforms) = postSolution
		{ABFAC716-90EE-4EAA-9868-B4C439E367FF}.Debug|Any CPU.ActiveCfg = Debug|Any CPU
		{ABFAC716-90EE-4EAA-9868-B4C439E367FF}.Debug|Any CPU.Build.0 = Debug|Any CPU
		{ABFAC716-90EE-4EAA-9868-B4C439E367FF}.Release|Any CPU.ActiveCfg = Release|Any CPU
		{ABFAC716-90EE-4EAA-9868-B4C439E367FF}.Release|Any CPU.Build.0 = Release|Any CPU
		{02273C07-2DF8-492E-BD73-67FD3C4ED9FE}.Debug|Any CPU.ActiveCfg = Debug|Any CPU
		{02273C07-2DF8-492E-BD73-67FD3C4ED9FE}.Debug|Any CPU.Build.0 = Debug|Any CPU
		{02273C07-2DF8-492E-BD73-67FD3C4ED9FE}.Release|Any CPU.ActiveCfg = Release|Any CPU
		{02273C07-2DF8-492E-BD73-67FD3C4ED9FE}.Release|Any CPU.Build.0 = Release|Any CPU
		{7114FFA6-BBC4-4949-8974-648CFD7B1D83}.Debug|Any CPU.ActiveCfg = Debug|Any CPU
		{7114FFA6-BBC4-4949-8974-648CFD7B1D83}.Debug|Any CPU.Build.0 = Debug|Any CPU
		{7114FFA6-BBC4-4949-8974-648CFD7B1D83}.Release|Any CPU.ActiveCfg = Release|Any CPU
		{7114FFA6-BBC4-4949-8974-648CFD7B1D83}.Release|Any CPU.Build.0 = Release|Any CPU
	EndGlobalSection
EndGlobal
